
Microsoft Visual Studio Solution File, Format Version 12.00
# Visual Studio Version 17
VisualStudioVersion = 17.0.31912.275
MinimumVisualStudioVersion = 10.0.40219.1
Project("{2150E333-8FDC-42A3-9474-1A3956D46DE8}") = "Services", "Services", "{A5B15F47-7587-4839-A7D1-4211E7132797}"
EndProject
Project("{2150E333-8FDC-42A3-9474-1A3956D46DE8}") = "Catalog", "Catalog", "{08AA0873-1A7D-4DA5-8A30-D3677662C210}"
EndProject
Project("{9A19103F-16F7-4668-BE54-9A1E7A4F7556}") = "Catalog.API", "Services\Catalog\Catalog.API\Catalog.API.csproj", "{50BBB198-0FE4-48AF-A959-AD61EF243A4C}"
EndProject
Project("{E53339B2-1760-4266-BCC7-CA923CBCF16C}") = "docker-compose", "docker-compose.dcproj", "{6497896F-0910-4A4F-8627-2EB78E62D4B6}"
EndProject
Project("{2150E333-8FDC-42A3-9474-1A3956D46DE8}") = "Solution Items", "Solution Items", "{75DF8DBB-08D5-40F7-AA54-D2C526E5D75B}"
	ProjectSection(SolutionItems) = preProject
		docker.txt = docker.txt
	EndProjectSection
EndProject
Project("{2150E333-8FDC-42A3-9474-1A3956D46DE8}") = "Basket", "Basket", "{8B279427-A1E6-413E-9B14-29B68DD4652A}"
EndProject
Project("{9A19103F-16F7-4668-BE54-9A1E7A4F7556}") = "Basket.API", "Services\Basket\Basket.API\Basket.API.csproj", "{9C910F07-AC96-48D8-AD06-B9458494CF4D}"
EndProject
Project("{2150E333-8FDC-42A3-9474-1A3956D46DE8}") = "Document", "Document", "{2596A5E7-CFD2-4B10-BDB0-55C7B5C0A40D}"
EndProject
Project("{9A19103F-16F7-4668-BE54-9A1E7A4F7556}") = "Document.API", "Services\Document\Document.API\Document.API.csproj", "{E6E6A4CF-FE11-48D7-AB4E-AF0131BA99E8}"
EndProject
Project("{2150E333-8FDC-42A3-9474-1A3956D46DE8}") = "Tests", "Tests", "{846B4706-DB53-4988-93AD-94B1C43DC768}"
EndProject
Project("{FAE04EC0-301F-11D3-BF4B-00C04F79EFBC}") = "Test01", "Tests\Test01\Test01.csproj", "{C79CBFEB-88B1-4F29-A35A-A6EE68EB17DB}"
EndProject
Project("{FAE04EC0-301F-11D3-BF4B-00C04F79EFBC}") = "TestProject2", "Tests\TestProject2\TestProject2.csproj", "{36412E8C-D35D-4440-992C-DFE09A341E00}"
EndProject
Project("{FAE04EC0-301F-11D3-BF4B-00C04F79EFBC}") = "Test2", "Tests\Test2\Test2.csproj", "{0615D1EB-2358-449F-B0F4-C8A2CCF0EA14}"
EndProject
Project("{FAE04EC0-301F-11D3-BF4B-00C04F79EFBC}") = "Multithread", "Tests\ConsoleApp1\Multithread.csproj", "{F9543D29-675D-47BB-80E1-2B8D8123B086}"
EndProject
Global
	GlobalSection(SolutionConfigurationPlatforms) = preSolution
		Debug|Any CPU = Debug|Any CPU
		Release|Any CPU = Release|Any CPU
	EndGlobalSection
	GlobalSection(ProjectConfigurationPlatforms) = postSolution
		{50BBB198-0FE4-48AF-A959-AD61EF243A4C}.Debug|Any CPU.ActiveCfg = Debug|Any CPU
		{50BBB198-0FE4-48AF-A959-AD61EF243A4C}.Debug|Any CPU.Build.0 = Debug|Any CPU
		{50BBB198-0FE4-48AF-A959-AD61EF243A4C}.Release|Any CPU.ActiveCfg = Release|Any CPU
		{50BBB198-0FE4-48AF-A959-AD61EF243A4C}.Release|Any CPU.Build.0 = Release|Any CPU
		{6497896F-0910-4A4F-8627-2EB78E62D4B6}.Debug|Any CPU.ActiveCfg = Debug|Any CPU
		{6497896F-0910-4A4F-8627-2EB78E62D4B6}.Debug|Any CPU.Build.0 = Debug|Any CPU
		{6497896F-0910-4A4F-8627-2EB78E62D4B6}.Release|Any CPU.ActiveCfg = Release|Any CPU
		{6497896F-0910-4A4F-8627-2EB78E62D4B6}.Release|Any CPU.Build.0 = Release|Any CPU
		{9C910F07-AC96-48D8-AD06-B9458494CF4D}.Debug|Any CPU.ActiveCfg = Debug|Any CPU
		{9C910F07-AC96-48D8-AD06-B9458494CF4D}.Debug|Any CPU.Build.0 = Debug|Any CPU
		{9C910F07-AC96-48D8-AD06-B9458494CF4D}.Release|Any CPU.ActiveCfg = Release|Any CPU
		{9C910F07-AC96-48D8-AD06-B9458494CF4D}.Release|Any CPU.Build.0 = Release|Any CPU
		{E6E6A4CF-FE11-48D7-AB4E-AF0131BA99E8}.Debug|Any CPU.ActiveCfg = Debug|Any CPU
		{E6E6A4CF-FE11-48D7-AB4E-AF0131BA99E8}.Debug|Any CPU.Build.0 = Debug|Any CPU
		{E6E6A4CF-FE11-48D7-AB4E-AF0131BA99E8}.Release|Any CPU.ActiveCfg = Release|Any CPU
		{E6E6A4CF-FE11-48D7-AB4E-AF0131BA99E8}.Release|Any CPU.Build.0 = Release|Any CPU
		{C79CBFEB-88B1-4F29-A35A-A6EE68EB17DB}.Debug|Any CPU.ActiveCfg = Debug|Any CPU
		{C79CBFEB-88B1-4F29-A35A-A6EE68EB17DB}.Debug|Any CPU.Build.0 = Debug|Any CPU
		{C79CBFEB-88B1-4F29-A35A-A6EE68EB17DB}.Release|Any CPU.ActiveCfg = Release|Any CPU
		{C79CBFEB-88B1-4F29-A35A-A6EE68EB17DB}.Release|Any CPU.Build.0 = Release|Any CPU
		{36412E8C-D35D-4440-992C-DFE09A341E00}.Debug|Any CPU.ActiveCfg = Debug|Any CPU
		{36412E8C-D35D-4440-992C-DFE09A341E00}.Debug|Any CPU.Build.0 = Debug|Any CPU
		{36412E8C-D35D-4440-992C-DFE09A341E00}.Release|Any CPU.ActiveCfg = Release|Any CPU
		{36412E8C-D35D-4440-992C-DFE09A341E00}.Release|Any CPU.Build.0 = Release|Any CPU
		{0615D1EB-2358-449F-B0F4-C8A2CCF0EA14}.Debug|Any CPU.ActiveCfg = Debug|Any CPU
		{0615D1EB-2358-449F-B0F4-C8A2CCF0EA14}.Debug|Any CPU.Build.0 = Debug|Any CPU
		{0615D1EB-2358-449F-B0F4-C8A2CCF0EA14}.Release|Any CPU.ActiveCfg = Release|Any CPU
		{0615D1EB-2358-449F-B0F4-C8A2CCF0EA14}.Release|Any CPU.Build.0 = Release|Any CPU
		{F9543D29-675D-47BB-80E1-2B8D8123B086}.Debug|Any CPU.ActiveCfg = Debug|Any CPU
		{F9543D29-675D-47BB-80E1-2B8D8123B086}.Debug|Any CPU.Build.0 = Debug|Any CPU
		{F9543D29-675D-47BB-80E1-2B8D8123B086}.Release|Any CPU.ActiveCfg = Release|Any CPU
		{F9543D29-675D-47BB-80E1-2B8D8123B086}.Release|Any CPU.Build.0 = Release|Any CPU
	EndGlobalSection
	GlobalSection(SolutionProperties) = preSolution
		HideSolutionNode = FALSE
	EndGlobalSection
	GlobalSection(NestedProjects) = preSolution
		{08AA0873-1A7D-4DA5-8A30-D3677662C210} = {A5B15F47-7587-4839-A7D1-4211E7132797}
		{50BBB198-0FE4-48AF-A959-AD61EF243A4C} = {08AA0873-1A7D-4DA5-8A30-D3677662C210}
		{8B279427-A1E6-413E-9B14-29B68DD4652A} = {A5B15F47-7587-4839-A7D1-4211E7132797}
		{9C910F07-AC96-48D8-AD06-B9458494CF4D} = {8B279427-A1E6-413E-9B14-29B68DD4652A}
		{2596A5E7-CFD2-4B10-BDB0-55C7B5C0A40D} = {A5B15F47-7587-4839-A7D1-4211E7132797}
		{E6E6A4CF-FE11-48D7-AB4E-AF0131BA99E8} = {2596A5E7-CFD2-4B10-BDB0-55C7B5C0A40D}
		{C79CBFEB-88B1-4F29-A35A-A6EE68EB17DB} = {846B4706-DB53-4988-93AD-94B1C43DC768}
		{36412E8C-D35D-4440-992C-DFE09A341E00} = {846B4706-DB53-4988-93AD-94B1C43DC768}
		{0615D1EB-2358-449F-B0F4-C8A2CCF0EA14} = {846B4706-DB53-4988-93AD-94B1C43DC768}
		{F9543D29-675D-47BB-80E1-2B8D8123B086} = {846B4706-DB53-4988-93AD-94B1C43DC768}
	EndGlobalSection
	GlobalSection(ExtensibilityGlobals) = postSolution
		SolutionGuid = {6D46DD0C-A8C3-4CE9-AFBF-BBB86440B3C3}
	EndGlobalSection
EndGlobal
